
Microsoft Visual Studio Solution File, Format Version 12.00
# Visual Studio Version 17
VisualStudioVersion = 17.14.36811.4 d17.14
MinimumVisualStudioVersion = 10.0.40219.1
Project("{FAE04EC0-301F-11D3-BF4B-00C04F79EFBC}") = "Day1_WebAPI_CRUD_Operations", "Day1_WebAPI_CRUD_Operations\Day1_WebAPI_CRUD_Operations.csproj", "{0F26B971-30CF-4112-A041-76F807CC4D0B}"
EndProject
Global
	GlobalSection(SolutionConfigurationPlatforms) = preSolution
		Debug|Any CPU = Debug|Any CPU
		Release|Any CPU = Release|Any CPU
	EndGlobalSection
	GlobalSection(ProjectConfigurationPlatforms) = postSolution
		{0F26B971-30CF-4112-A041-76F807CC4D0B}.Debug|Any CPU.ActiveCfg = Debug|Any CPU
		{0F26B971-30CF-4112-A041-76F807CC4D0B}.Debug|Any CPU.Build.0 = Debug|Any CPU
		{0F26B971-30CF-4112-A041-76F807CC4D0B}.Release|Any CPU.ActiveCfg = Release|Any CPU
		{0F26B971-30CF-4112-A041-76F807CC4D0B}.Release|Any CPU.Build.0 = Release|Any CPU
	EndGlobalSection
	GlobalSection(SolutionProperties) = preSolution
		HideSolutionNode = FALSE
	EndGlobalSection
	GlobalSection(ExtensibilityGlobals) = postSolution
		SolutionGuid = {327B04BB-5FF6-44BE-A31A-29A321D52FD9}
	EndGlobalSection
EndGlobal
