
Microsoft Visual Studio Solution File, Format Version 12.00
# Visual Studio Version 17
VisualStudioVersion = 17.14.36811.4 d17.14
MinimumVisualStudioVersion = 10.0.40219.1
Project("{FAE04EC0-301F-11D3-BF4B-00C04F79EFBC}") = "Day2_Entity_Framework_Core1", "Day2_Entity_Framework_Core1\Day2_Entity_Framework_Core1.csproj", "{78F607EF-B9EA-4402-B1B2-4D0F11B2B696}"
EndProject
Global
	GlobalSection(SolutionConfigurationPlatforms) = preSolution
		Debug|Any CPU = Debug|Any CPU
		Release|Any CPU = Release|Any CPU
	EndGlobalSection
	GlobalSection(ProjectConfigurationPlatforms) = postSolution
		{78F607EF-B9EA-4402-B1B2-4D0F11B2B696}.Debug|Any CPU.ActiveCfg = Debug|Any CPU
		{78F607EF-B9EA-4402-B1B2-4D0F11B2B696}.Debug|Any CPU.Build.0 = Debug|Any CPU
		{78F607EF-B9EA-4402-B1B2-4D0F11B2B696}.Release|Any CPU.ActiveCfg = Release|Any CPU
		{78F607EF-B9EA-4402-B1B2-4D0F11B2B696}.Release|Any CPU.Build.0 = Release|Any CPU
	EndGlobalSection
	GlobalSection(SolutionProperties) = preSolution
		HideSolutionNode = FALSE
	EndGlobalSection
	GlobalSection(ExtensibilityGlobals) = postSolution
		SolutionGuid = {42CA84A7-E1F5-4016-A4E1-FAB425823916}
	EndGlobalSection
EndGlobal
